
Microsoft Visual Studio Solution File, Format Version 12.00
# Visual Studio Version 17
VisualStudioVersion = 17.9.34607.119
MinimumVisualStudioVersion = 10.0.40219.1
Project("{FAE04EC0-301F-11D3-BF4B-00C04F79EFBC}") = "Silicon_WebApp", "Silicon_WebApp\Silicon_WebApp.csproj", "{051D2D47-72B0-4BC2-A73E-2477F6791B7A}"
EndProject
Project("{FAE04EC0-301F-11D3-BF4B-00C04F79EFBC}") = "Infrastructure", "Infrastructure\Infrastructure.csproj", "{88B7ED0C-CBC5-47AF-8193-46FE6A02E035}"
EndProject
Global
	GlobalSection(SolutionConfigurationPlatforms) = preSolution
		Debug|Any CPU = Debug|Any CPU
		Release|Any CPU = Release|Any CPU
	EndGlobalSection
	GlobalSection(ProjectConfigurationPlatforms) = postSolution
		{051D2D47-72B0-4BC2-A73E-2477F6791B7A}.Debug|Any CPU.ActiveCfg = Debug|Any CPU
		{051D2D47-72B0-4BC2-A73E-2477F6791B7A}.Debug|Any CPU.Build.0 = Debug|Any CPU
		{051D2D47-72B0-4BC2-A73E-2477F6791B7A}.Release|Any CPU.ActiveCfg = Release|Any CPU
		{051D2D47-72B0-4BC2-A73E-2477F6791B7A}.Release|Any CPU.Build.0 = Release|Any CPU
		{88B7ED0C-CBC5-47AF-8193-46FE6A02E035}.Debug|Any CPU.ActiveCfg = Debug|Any CPU
		{88B7ED0C-CBC5-47AF-8193-46FE6A02E035}.Debug|Any CPU.Build.0 = Debug|Any CPU
		{88B7ED0C-CBC5-47AF-8193-46FE6A02E035}.Release|Any CPU.ActiveCfg = Release|Any CPU
		{88B7ED0C-CBC5-47AF-8193-46FE6A02E035}.Release|Any CPU.Build.0 = Release|Any CPU
	EndGlobalSection
	GlobalSection(SolutionProperties) = preSolution
		HideSolutionNode = FALSE
	EndGlobalSection
	GlobalSection(ExtensibilityGlobals) = postSolution
		SolutionGuid = {8E40F461-37BB-4C92-AD89-C0B496EA5B82}
	EndGlobalSection
EndGlobal
